
Microsoft Visual Studio Solution File, Format Version 12.00
# Visual Studio Version 17
VisualStudioVersion = 17.8.34525.116
MinimumVisualStudioVersion = 10.0.40219.1
Project("{FAE04EC0-301F-11D3-BF4B-00C04F79EFBC}") = "LiteDB.Migration.ConsoleTest", "LiteDB.Migration.Console\LiteDB.Migration.ConsoleTest.csproj", "{A74F068B-582A-4ABE-A0DE-292DAC6283CC}"
EndProject
Project("{FAE04EC0-301F-11D3-BF4B-00C04F79EFBC}") = "LiteDB.Migration", "LiteDB.Migration\LiteDB.Migration.csproj", "{5B4A0E1C-72C6-4770-B4AE-24A7F68EA91C}"
EndProject
Project("{FAE04EC0-301F-11D3-BF4B-00C04F79EFBC}") = "LiteDB.Migration.Tests", "LiteDB.Migration.Tests\LiteDB.Migration.Tests.csproj", "{3C4DFF0F-6295-4656-9C83-C60373C0D5E6}"
EndProject
Global
	GlobalSection(SolutionConfigurationPlatforms) = preSolution
		Debug|Any CPU = Debug|Any CPU
		Release|Any CPU = Release|Any CPU
	EndGlobalSection
	GlobalSection(ProjectConfigurationPlatforms) = postSolution
		{A74F068B-582A-4ABE-A0DE-292DAC6283CC}.Debug|Any CPU.ActiveCfg = Debug|Any CPU
		{A74F068B-582A-4ABE-A0DE-292DAC6283CC}.Debug|Any CPU.Build.0 = Debug|Any CPU
		{A74F068B-582A-4ABE-A0DE-292DAC6283CC}.Release|Any CPU.ActiveCfg = Release|Any CPU
		{A74F068B-582A-4ABE-A0DE-292DAC6283CC}.Release|Any CPU.Build.0 = Release|Any CPU
		{5B4A0E1C-72C6-4770-B4AE-24A7F68EA91C}.Debug|Any CPU.ActiveCfg = Debug|Any CPU
		{5B4A0E1C-72C6-4770-B4AE-24A7F68EA91C}.Debug|Any CPU.Build.0 = Debug|Any CPU
		{5B4A0E1C-72C6-4770-B4AE-24A7F68EA91C}.Release|Any CPU.ActiveCfg = Release|Any CPU
		{5B4A0E1C-72C6-4770-B4AE-24A7F68EA91C}.Release|Any CPU.Build.0 = Release|Any CPU
		{3C4DFF0F-6295-4656-9C83-C60373C0D5E6}.Debug|Any CPU.ActiveCfg = Debug|Any CPU
		{3C4DFF0F-6295-4656-9C83-C60373C0D5E6}.Debug|Any CPU.Build.0 = Debug|Any CPU
		{3C4DFF0F-6295-4656-9C83-C60373C0D5E6}.Release|Any CPU.ActiveCfg = Release|Any CPU
		{3C4DFF0F-6295-4656-9C83-C60373C0D5E6}.Release|Any CPU.Build.0 = Release|Any CPU
	EndGlobalSection
	GlobalSection(SolutionProperties) = preSolution
		HideSolutionNode = FALSE
	EndGlobalSection
	GlobalSection(ExtensibilityGlobals) = postSolution
		SolutionGuid = {41AA6700-7472-48A7-A1CF-58F8C2070E37}
	EndGlobalSection
EndGlobal
